
Microsoft Visual Studio Solution File, Format Version 12.00
# Visual Studio Version 17
VisualStudioVersion = 17.1.32319.34
MinimumVisualStudioVersion = 10.0.40219.1
Project("{FAE04EC0-301F-11D3-BF4B-00C04F79EFBC}") = "CodePanthers.AWS.S3.UploadService", "CodePanthers.AWS.S3.UploadService\CodePanthers.AWS.S3.UploadService.csproj", "{583924B6-433F-4D22-AB2D-7A56065BC805}"
EndProject
Global
	GlobalSection(SolutionConfigurationPlatforms) = preSolution
		Debug|Any CPU = Debug|Any CPU
		Release|Any CPU = Release|Any CPU
	EndGlobalSection
	GlobalSection(ProjectConfigurationPlatforms) = postSolution
		{583924B6-433F-4D22-AB2D-7A56065BC805}.Debug|Any CPU.ActiveCfg = Debug|Any CPU
		{583924B6-433F-4D22-AB2D-7A56065BC805}.Debug|Any CPU.Build.0 = Debug|Any CPU
		{583924B6-433F-4D22-AB2D-7A56065BC805}.Release|Any CPU.ActiveCfg = Release|Any CPU
		{583924B6-433F-4D22-AB2D-7A56065BC805}.Release|Any CPU.Build.0 = Release|Any CPU
	EndGlobalSection
	GlobalSection(SolutionProperties) = preSolution
		HideSolutionNode = FALSE
	EndGlobalSection
	GlobalSection(ExtensibilityGlobals) = postSolution
		SolutionGuid = {6C1B56EB-B28E-4E50-9F11-BE64D3E8A599}
	EndGlobalSection
EndGlobal
